// !$*UTF8*$!
{
	archiveVersion = 1;
	classes = {
	};
	objectVersion = 56;
	objects = {

/* Begin PBXBuildFile section */
		FA1004062B6A2C54004A8B01 /* AppleTVAds.podspec in Resources */ = {isa = PBXBuildFile; fileRef = FA1004052B6A2C54004A8B01 /* AppleTVAds.podspec */; };
		FA10040A2B6BB3E2004A8B01 /* AppleTVAds.framework in Frameworks */ = {isa = PBXBuildFile; fileRef = FA1004092B6BB3E1004A8B01 /* AppleTVAds.framework */; };
		FA10040E2B6BBDB8004A8B01 /* LICENSE.txt in Resources */ = {isa = PBXBuildFile; fileRef = FA10040D2B6BBDB8004A8B01 /* LICENSE.txt */; };
		FA1004102B6BBEDC004A8B01 /* LICENSE.txt in Resources */ = {isa = PBXBuildFile; fileRef = FA10040F2B6BBEDC004A8B01 /* LICENSE.txt */; };
		FA84A77F2B3C539F00F46161 /* AppleTVAds.docc in Sources */ = {isa = PBXBuildFile; fileRef = FA84A77E2B3C539F00F46161 /* AppleTVAds.docc */; };
		FA84A7852B3C53A000F46161 /* AppleTVAds.framework in Frameworks */ = {isa = PBXBuildFile; fileRef = FA84A77A2B3C539F00F46161 /* AppleTVAds.framework */; };
		FA84A78A2B3C53A000F46161 /* AppleTVAdsTests.swift in Sources */ = {isa = PBXBuildFile; fileRef = FA84A7892B3C53A000F46161 /* AppleTVAdsTests.swift */; };
		FA84A78B2B3C53A000F46161 /* AppleTVAds.h in Headers */ = {isa = PBXBuildFile; fileRef = FA84A77D2B3C539F00F46161 /* AppleTVAds.h */; settings = {ATTRIBUTES = (Public, ); }; };
		FA84A7962B3C53D500F46161 /* GoogleInteractiveMediaAds in Frameworks */ = {isa = PBXBuildFile; productRef = FA84A7952B3C53D500F46161 /* GoogleInteractiveMediaAds */; };
		FA84A7992B3C56F200F46161 /* AVKit.framework in Frameworks */ = {isa = PBXBuildFile; fileRef = FA84A7982B3C56F200F46161 /* AVKit.framework */; };
		FA84A79B2B3C56F800F46161 /* AVFoundation.framework in Frameworks */ = {isa = PBXBuildFile; fileRef = FA84A79A2B3C56F800F46161 /* AVFoundation.framework */; };
		FA84A79E2B3C582C00F46161 /* AppleTVAds.swift in Sources */ = {isa = PBXBuildFile; fileRef = FA84A79D2B3C582C00F46161 /* AppleTVAds.swift */; };
/* End PBXBuildFile section */

/* Begin PBXContainerItemProxy section */
		FA84A7862B3C53A000F46161 /* PBXContainerItemProxy */ = {
			isa = PBXContainerItemProxy;
			containerPortal = FA84A7712B3C539F00F46161 /* Project object */;
			proxyType = 1;
			remoteGlobalIDString = FA84A7792B3C539F00F46161;
			remoteInfo = AppleTVAds;
		};
/* End PBXContainerItemProxy section */

/* Begin PBXCopyFilesBuildPhase section */
		FA84A7C12B3C629100F46161 /* CopyFiles */ = {
			isa = PBXCopyFilesBuildPhase;
			buildActionMask = 2147483647;
			dstPath = /Users/alex/proj/temp/test_ios_demo/AppleTVTestApp;
			dstSubfolderSpec = 0;
			files = (
			);
			runOnlyForDeploymentPostprocessing = 0;
		};
/* End PBXCopyFilesBuildPhase section */

/* Begin PBXFileReference section */
		FA1004052B6A2C54004A8B01 /* AppleTVAds.podspec */ = {isa = PBXFileReference; fileEncoding = 4; lastKnownFileType = text; path = AppleTVAds.podspec; sourceTree = "<group>"; };
		FA1004092B6BB3E1004A8B01 /* AppleTVAds.framework */ = {isa = PBXFileReference; lastKnownFileType = wrapper.framework; name = AppleTVAds.framework; path = Frameworks/AppleTVAds.framework; sourceTree = "<group>"; };
		FA10040D2B6BBDB8004A8B01 /* LICENSE.txt */ = {isa = PBXFileReference; fileEncoding = 4; lastKnownFileType = text; path = LICENSE.txt; sourceTree = "<group>"; };
		FA10040F2B6BBEDC004A8B01 /* LICENSE.txt */ = {isa = PBXFileReference; fileEncoding = 4; lastKnownFileType = text; path = LICENSE.txt; sourceTree = "<group>"; };
		FA84A77A2B3C539F00F46161 /* AppleTVAds.framework */ = {isa = PBXFileReference; explicitFileType = wrapper.framework; includeInIndex = 0; path = AppleTVAds.framework; sourceTree = BUILT_PRODUCTS_DIR; };
		FA84A77D2B3C539F00F46161 /* AppleTVAds.h */ = {isa = PBXFileReference; lastKnownFileType = sourcecode.c.h; path = AppleTVAds.h; sourceTree = "<group>"; };
		FA84A77E2B3C539F00F46161 /* AppleTVAds.docc */ = {isa = PBXFileReference; lastKnownFileType = folder.documentationcatalog; path = AppleTVAds.docc; sourceTree = "<group>"; };
		FA84A7842B3C53A000F46161 /* AppleTVAdsTests.xctest */ = {isa = PBXFileReference; explicitFileType = wrapper.cfbundle; includeInIndex = 0; path = AppleTVAdsTests.xctest; sourceTree = BUILT_PRODUCTS_DIR; };
		FA84A7892B3C53A000F46161 /* AppleTVAdsTests.swift */ = {isa = PBXFileReference; lastKnownFileType = sourcecode.swift; path = AppleTVAdsTests.swift; sourceTree = "<group>"; };
		FA84A7982B3C56F200F46161 /* AVKit.framework */ = {isa = PBXFileReference; lastKnownFileType = wrapper.framework; name = AVKit.framework; path = System/Library/Frameworks/AVKit.framework; sourceTree = SDKROOT; };
		FA84A79A2B3C56F800F46161 /* AVFoundation.framework */ = {isa = PBXFileReference; lastKnownFileType = wrapper.framework; name = AVFoundation.framework; path = System/Library/Frameworks/AVFoundation.framework; sourceTree = SDKROOT; };
		FA84A79D2B3C582C00F46161 /* AppleTVAds.swift */ = {isa = PBXFileReference; lastKnownFileType = sourcecode.swift; path = AppleTVAds.swift; sourceTree = "<group>"; };
/* End PBXFileReference section */

/* Begin PBXFrameworksBuildPhase section */
		FA84A7772B3C539F00F46161 /* Frameworks */ = {
			isa = PBXFrameworksBuildPhase;
			buildActionMask = 2147483647;
			files = (
				FA10040A2B6BB3E2004A8B01 /* AppleTVAds.framework in Frameworks */,
				FA84A7992B3C56F200F46161 /* AVKit.framework in Frameworks */,
				FA84A7962B3C53D500F46161 /* GoogleInteractiveMediaAds in Frameworks */,
				FA84A79B2B3C56F800F46161 /* AVFoundation.framework in Frameworks */,
			);
			runOnlyForDeploymentPostprocessing = 0;
		};
		FA84A7812B3C53A000F46161 /* Frameworks */ = {
			isa = PBXFrameworksBuildPhase;
			buildActionMask = 2147483647;
			files = (
				FA84A7852B3C53A000F46161 /* AppleTVAds.framework in Frameworks */,
			);
			runOnlyForDeploymentPostprocessing = 0;
		};
/* End PBXFrameworksBuildPhase section */

/* Begin PBXGroup section */
		FA84A7702B3C539F00F46161 = {
			isa = PBXGroup;
			children = (
				FA10040D2B6BBDB8004A8B01 /* LICENSE.txt */,
				FA1004092B6BB3E1004A8B01 /* AppleTVAds.framework */,
				FA1004052B6A2C54004A8B01 /* AppleTVAds.podspec */,
				FA84A77C2B3C539F00F46161 /* AppleTVAds */,
				FA84A7882B3C53A000F46161 /* AppleTVAdsTests */,
				FA84A77B2B3C539F00F46161 /* Products */,
				FA84A7972B3C56F200F46161 /* Frameworks */,
			);
			sourceTree = "<group>";
		};
		FA84A77B2B3C539F00F46161 /* Products */ = {
			isa = PBXGroup;
			children = (
				FA84A77A2B3C539F00F46161 /* AppleTVAds.framework */,
				FA84A7842B3C53A000F46161 /* AppleTVAdsTests.xctest */,
			);
			name = Products;
			sourceTree = "<group>";
		};
		FA84A77C2B3C539F00F46161 /* AppleTVAds */ = {
			isa = PBXGroup;
			children = (
				FA10040F2B6BBEDC004A8B01 /* LICENSE.txt */,
				FA84A77D2B3C539F00F46161 /* AppleTVAds.h */,
				FA84A79D2B3C582C00F46161 /* AppleTVAds.swift */,
				FA84A77E2B3C539F00F46161 /* AppleTVAds.docc */,
			);
			path = AppleTVAds;
			sourceTree = "<group>";
		};
		FA84A7882B3C53A000F46161 /* AppleTVAdsTests */ = {
			isa = PBXGroup;
			children = (
				FA84A7892B3C53A000F46161 /* AppleTVAdsTests.swift */,
			);
			path = AppleTVAdsTests;
			sourceTree = "<group>";
		};
		FA84A7972B3C56F200F46161 /* Frameworks */ = {
			isa = PBXGroup;
			children = (
				FA84A79A2B3C56F800F46161 /* AVFoundation.framework */,
				FA84A7982B3C56F200F46161 /* AVKit.framework */,
			);
			name = Frameworks;
			sourceTree = "<group>";
		};
/* End PBXGroup section */

/* Begin PBXHeadersBuildPhase section */
		FA84A7752B3C539F00F46161 /* Headers */ = {
			isa = PBXHeadersBuildPhase;
			buildActionMask = 2147483647;
			files = (
				FA84A78B2B3C53A000F46161 /* AppleTVAds.h in Headers */,
			);
			runOnlyForDeploymentPostprocessing = 0;
		};
/* End PBXHeadersBuildPhase section */

/* Begin PBXNativeTarget section */
		FA84A7792B3C539F00F46161 /* AppleTVAds */ = {
			isa = PBXNativeTarget;
			buildConfigurationList = FA84A78E2B3C53A000F46161 /* Build configuration list for PBXNativeTarget "AppleTVAds" */;
			buildPhases = (
				FA84A7752B3C539F00F46161 /* Headers */,
				FA84A7762B3C539F00F46161 /* Sources */,
				FA84A7772B3C539F00F46161 /* Frameworks */,
				FA84A7782B3C539F00F46161 /* Resources */,
				FA84A7C12B3C629100F46161 /* CopyFiles */,
			);
			buildRules = (
			);
			dependencies = (
			);
			name = AppleTVAds;
			packageProductDependencies = (
				FA84A7952B3C53D500F46161 /* GoogleInteractiveMediaAds */,
			);
			productName = AppleTVAds;
			productReference = FA84A77A2B3C539F00F46161 /* AppleTVAds.framework */;
			productType = "com.apple.product-type.framework";
		};
		FA84A7832B3C53A000F46161 /* AppleTVAdsTests */ = {
			isa = PBXNativeTarget;
			buildConfigurationList = FA84A7912B3C53A000F46161 /* Build configuration list for PBXNativeTarget "AppleTVAdsTests" */;
			buildPhases = (
				FA84A7802B3C53A000F46161 /* Sources */,
				FA84A7812B3C53A000F46161 /* Frameworks */,
				FA84A7822B3C53A000F46161 /* Resources */,
			);
			buildRules = (
			);
			dependencies = (
				FA84A7872B3C53A000F46161 /* PBXTargetDependency */,
			);
			name = AppleTVAdsTests;
			productName = AppleTVAdsTests;
			productReference = FA84A7842B3C53A000F46161 /* AppleTVAdsTests.xctest */;
			productType = "com.apple.product-type.bundle.unit-test";
		};
/* End PBXNativeTarget section */

/* Begin PBXProject section */
		FA84A7712B3C539F00F46161 /* Project object */ = {
			isa = PBXProject;
			attributes = {
				BuildIndependentTargetsInParallel = 1;
				LastSwiftUpdateCheck = 1430;
				LastUpgradeCheck = 1430;
				TargetAttributes = {
					FA84A7792B3C539F00F46161 = {
						CreatedOnToolsVersion = 14.3.1;
					};
					FA84A7832B3C53A000F46161 = {
						CreatedOnToolsVersion = 14.3.1;
					};
				};
			};
			buildConfigurationList = FA84A7742B3C539F00F46161 /* Build configuration list for PBXProject "AppleTVAds" */;
			compatibilityVersion = "Xcode 14.0";
			developmentRegion = en;
			hasScannedForEncodings = 0;
			knownRegions = (
				en,
				Base,
			);
			mainGroup = FA84A7702B3C539F00F46161;
			packageReferences = (
				FA84A7942B3C53D500F46161 /* XCRemoteSwiftPackageReference "swift-package-manager-google-interactive-media-ads-tvos" */,
			);
			productRefGroup = FA84A77B2B3C539F00F46161 /* Products */;
			projectDirPath = "";
			projectRoot = "";
			targets = (
				FA84A7792B3C539F00F46161 /* AppleTVAds */,
				FA84A7832B3C53A000F46161 /* AppleTVAdsTests */,
			);
		};
/* End PBXProject section */

/* Begin PBXResourcesBuildPhase section */
		FA84A7782B3C539F00F46161 /* Resources */ = {
			isa = PBXResourcesBuildPhase;
			buildActionMask = 2147483647;
			files = (
				FA1004102B6BBEDC004A8B01 /* LICENSE.txt in Resources */,
				FA10040E2B6BBDB8004A8B01 /* LICENSE.txt in Resources */,
				FA1004062B6A2C54004A8B01 /* AppleTVAds.podspec in Resources */,
			);
			runOnlyForDeploymentPostprocessing = 0;
		};
		FA84A7822B3C53A000F46161 /* Resources */ = {
			isa = PBXResourcesBuildPhase;
			buildActionMask = 2147483647;
			files = (
			);
			runOnlyForDeploymentPostprocessing = 0;
		};
/* End PBXResourcesBuildPhase section */

/* Begin PBXSourcesBuildPhase section */
		FA84A7762B3C539F00F46161 /* Sources */ = {
			isa = PBXSourcesBuildPhase;
			buildActionMask = 2147483647;
			files = (
				FA84A77F2B3C539F00F46161 /* AppleTVAds.docc in Sources */,
				FA84A79E2B3C582C00F46161 /* AppleTVAds.swift in Sources */,
			);
			runOnlyForDeploymentPostprocessing = 0;
		};
		FA84A7802B3C53A000F46161 /* Sources */ = {
			isa = PBXSourcesBuildPhase;
			buildActionMask = 2147483647;
			files = (
				FA84A78A2B3C53A000F46161 /* AppleTVAdsTests.swift in Sources */,
			);
			runOnlyForDeploymentPostprocessing = 0;
		};
/* End PBXSourcesBuildPhase section */

/* Begin PBXTargetDependency section */
		FA84A7872B3C53A000F46161 /* PBXTargetDependency */ = {
			isa = PBXTargetDependency;
			target = FA84A7792B3C539F00F46161 /* AppleTVAds */;
			targetProxy = FA84A7862B3C53A000F46161 /* PBXContainerItemProxy */;
		};
/* End PBXTargetDependency section */

/* Begin XCBuildConfiguration section */
		FA84A78C2B3C53A000F46161 /* Debug */ = {
			isa = XCBuildConfiguration;
			buildSettings = {
				ALWAYS_SEARCH_USER_PATHS = NO;
				CLANG_ANALYZER_NONNULL = YES;
				CLANG_ANALYZER_NUMBER_OBJECT_CONVERSION = YES_AGGRESSIVE;
				CLANG_CXX_LANGUAGE_STANDARD = "gnu++20";
				CLANG_ENABLE_MODULES = YES;
				CLANG_ENABLE_OBJC_ARC = YES;
				CLANG_ENABLE_OBJC_WEAK = YES;
				CLANG_WARN_BLOCK_CAPTURE_AUTORELEASING = YES;
				CLANG_WARN_BOOL_CONVERSION = YES;
				CLANG_WARN_COMMA = YES;
				CLANG_WARN_CONSTANT_CONVERSION = YES;
				CLANG_WARN_DEPRECATED_OBJC_IMPLEMENTATIONS = YES;
				CLANG_WARN_DIRECT_OBJC_ISA_USAGE = YES_ERROR;
				CLANG_WARN_DOCUMENTATION_COMMENTS = YES;
				CLANG_WARN_EMPTY_BODY = YES;
				CLANG_WARN_ENUM_CONVERSION = YES;
				CLANG_WARN_INFINITE_RECURSION = YES;
				CLANG_WARN_INT_CONVERSION = YES;
				CLANG_WARN_NON_LITERAL_NULL_CONVERSION = YES;
				CLANG_WARN_OBJC_IMPLICIT_RETAIN_SELF = YES;
				CLANG_WARN_OBJC_LITERAL_CONVERSION = YES;
				CLANG_WARN_OBJC_ROOT_CLASS = YES_ERROR;
				CLANG_WARN_QUOTED_INCLUDE_IN_FRAMEWORK_HEADER = YES;
				CLANG_WARN_RANGE_LOOP_ANALYSIS = YES;
				CLANG_WARN_STRICT_PROTOTYPES = YES;
				CLANG_WARN_SUSPICIOUS_MOVE = YES;
				CLANG_WARN_UNGUARDED_AVAILABILITY = YES_AGGRESSIVE;
				CLANG_WARN_UNREACHABLE_CODE = YES;
				CLANG_WARN__DUPLICATE_METHOD_MATCH = YES;
				COPY_PHASE_STRIP = NO;
				CURRENT_PROJECT_VERSION = 1;
				DEBUG_INFORMATION_FORMAT = dwarf;
				ENABLE_STRICT_OBJC_MSGSEND = YES;
				ENABLE_TESTABILITY = YES;
				GCC_C_LANGUAGE_STANDARD = gnu11;
				GCC_DYNAMIC_NO_PIC = NO;
				GCC_NO_COMMON_BLOCKS = YES;
				GCC_OPTIMIZATION_LEVEL = 0;
				GCC_PREPROCESSOR_DEFINITIONS = (
					"DEBUG=1",
					"$(inherited)",
				);
				GCC_WARN_64_TO_32_BIT_CONVERSION = YES;
				GCC_WARN_ABOUT_RETURN_TYPE = YES_ERROR;
				GCC_WARN_UNDECLARED_SELECTOR = YES;
				GCC_WARN_UNINITIALIZED_AUTOS = YES_AGGRESSIVE;
				GCC_WARN_UNUSED_FUNCTION = YES;
				GCC_WARN_UNUSED_VARIABLE = YES;
				MTL_ENABLE_DEBUG_INFO = INCLUDE_SOURCE;
				MTL_FAST_MATH = YES;
				ONLY_ACTIVE_ARCH = YES;
				SDKROOT = appletvos;
				SWIFT_ACTIVE_COMPILATION_CONDITIONS = DEBUG;
				SWIFT_OPTIMIZATION_LEVEL = "-Onone";
				TVOS_DEPLOYMENT_TARGET = 16.4;
				VERSIONING_SYSTEM = "apple-generic";
				VERSION_INFO_PREFIX = "";
			};
			name = Debug;
		};
		FA84A78D2B3C53A000F46161 /* Release */ = {
			isa = XCBuildConfiguration;
			buildSettings = {
				ALWAYS_SEARCH_USER_PATHS = NO;
				CLANG_ANALYZER_NONNULL = YES;
				CLANG_ANALYZER_NUMBER_OBJECT_CONVERSION = YES_AGGRESSIVE;
				CLANG_CXX_LANGUAGE_STANDARD = "gnu++20";
				CLANG_ENABLE_MODULES = YES;
				CLANG_ENABLE_OBJC_ARC = YES;
				CLANG_ENABLE_OBJC_WEAK = YES;
				CLANG_WARN_BLOCK_CAPTURE_AUTORELEASING = YES;
				CLANG_WARN_BOOL_CONVERSION = YES;
				CLANG_WARN_COMMA = YES;
				CLANG_WARN_CONSTANT_CONVERSION = YES;
				CLANG_WARN_DEPRECATED_OBJC_IMPLEMENTATIONS = YES;
				CLANG_WARN_DIRECT_OBJC_ISA_USAGE = YES_ERROR;
				CLANG_WARN_DOCUMENTATION_COMMENTS = YES;
				CLANG_WARN_EMPTY_BODY = YES;
				CLANG_WARN_ENUM_CONVERSION = YES;
				CLANG_WARN_INFINITE_RECURSION = YES;
				CLANG_WARN_INT_CONVERSION = YES;
				CLANG_WARN_NON_LITERAL_NULL_CONVERSION = YES;
				CLANG_WARN_OBJC_IMPLICIT_RETAIN_SELF = YES;
				CLANG_WARN_OBJC_LITERAL_CONVERSION = YES;
				CLANG_WARN_OBJC_ROOT_CLASS = YES_ERROR;
				CLANG_WARN_QUOTED_INCLUDE_IN_FRAMEWORK_HEADER = YES;
				CLANG_WARN_RANGE_LOOP_ANALYSIS = YES;
				CLANG_WARN_STRICT_PROTOTYPES = YES;
				CLANG_WARN_SUSPICIOUS_MOVE = YES;
				CLANG_WARN_UNGUARDED_AVAILABILITY = YES_AGGRESSIVE;
				CLANG_WARN_UNREACHABLE_CODE = YES;
				CLANG_WARN__DUPLICATE_METHOD_MATCH = YES;
				COPY_PHASE_STRIP = NO;
				CURRENT_PROJECT_VERSION = 1;
				DEBUG_INFORMATION_FORMAT = "dwarf-with-dsym";
				ENABLE_NS_ASSERTIONS = NO;
				ENABLE_STRICT_OBJC_MSGSEND = YES;
				GCC_C_LANGUAGE_STANDARD = gnu11;
				GCC_NO_COMMON_BLOCKS = YES;
				GCC_WARN_64_TO_32_BIT_CONVERSION = YES;
				GCC_WARN_ABOUT_RETURN_TYPE = YES_ERROR;
				GCC_WARN_UNDECLARED_SELECTOR = YES;
				GCC_WARN_UNINITIALIZED_AUTOS = YES_AGGRESSIVE;
				GCC_WARN_UNUSED_FUNCTION = YES;
				GCC_WARN_UNUSED_VARIABLE = YES;
				MTL_ENABLE_DEBUG_INFO = NO;
				MTL_FAST_MATH = YES;
				SDKROOT = appletvos;
				SWIFT_COMPILATION_MODE = wholemodule;
				SWIFT_OPTIMIZATION_LEVEL = "-O";
				TVOS_DEPLOYMENT_TARGET = 16.4;
				VALIDATE_PRODUCT = YES;
				VERSIONING_SYSTEM = "apple-generic";
				VERSION_INFO_PREFIX = "";
			};
			name = Release;
		};
		FA84A78F2B3C53A000F46161 /* Debug */ = {
			isa = XCBuildConfiguration;
			buildSettings = {
				CODE_SIGN_STYLE = Automatic;
				CURRENT_PROJECT_VERSION = 1;
				DEFINES_MODULE = YES;
				DYLIB_COMPATIBILITY_VERSION = 1;
				DYLIB_CURRENT_VERSION = 1;
				DYLIB_INSTALL_NAME_BASE = "@rpath";
				ENABLE_MODULE_VERIFIER = YES;
				FRAMEWORK_SEARCH_PATHS = (
					"$(inherited)",
					"$(PROJECT_DIR)/Frameworks",
					"$(PROJECT_DIR)/AppleTVAds",
				);
				GENERATE_INFOPLIST_FILE = YES;
				INFOPLIST_KEY_NSHumanReadableCopyright = "";
				INSTALL_PATH = "$(LOCAL_LIBRARY_DIR)/Frameworks";
				LD_RUNPATH_SEARCH_PATHS = (
					"$(inherited)",
					"@executable_path/Frameworks",
					"@loader_path/Frameworks",
				);
				MARKETING_VERSION = 1.0;
				MODULE_VERIFIER_SUPPORTED_LANGUAGES = "objective-c objective-c++";
				MODULE_VERIFIER_SUPPORTED_LANGUAGE_STANDARDS = "gnu11 gnu++20";
				PRODUCT_BUNDLE_IDENTIFIER = Test.AppleTVAds;
				PRODUCT_NAME = "$(TARGET_NAME:c99extidentifier)";
				SKIP_INSTALL = YES;
				SWIFT_EMIT_LOC_STRINGS = YES;
				SWIFT_VERSION = 5.0;
				TARGETED_DEVICE_FAMILY = 3;
			};
			name = Debug;
		};
		FA84A7902B3C53A000F46161 /* Release */ = {
			isa = XCBuildConfiguration;
			buildSettings = {
				CODE_SIGN_STYLE = Automatic;
				CURRENT_PROJECT_VERSION = 1;
				DEFINES_MODULE = YES;
				DYLIB_COMPATIBILITY_VERSION = 1;
				DYLIB_CURRENT_VERSION = 1;
				DYLIB_INSTALL_NAME_BASE = "@rpath";
				ENABLE_MODULE_VERIFIER = YES;
				FRAMEWORK_SEARCH_PATHS = (
					"$(inherited)",
					"$(PROJECT_DIR)/Frameworks",
					"$(PROJECT_DIR)/AppleTVAds",
				);
				GENERATE_INFOPLIST_FILE = YES;
				INFOPLIST_KEY_NSHumanReadableCopyright = "";
				INSTALL_PATH = "$(LOCAL_LIBRARY_DIR)/Frameworks";
				LD_RUNPATH_SEARCH_PATHS = (
					"$(inherited)",
					"@executable_path/Frameworks",
					"@loader_path/Frameworks",
				);
				MARKETING_VERSION = 1.0;
				MODULE_VERIFIER_SUPPORTED_LANGUAGES = "objective-c objective-c++";
				MODULE_VERIFIER_SUPPORTED_LANGUAGE_STANDARDS = "gnu11 gnu++20";
				PRODUCT_BUNDLE_IDENTIFIER = Test.AppleTVAds;
				PRODUCT_NAME = "$(TARGET_NAME:c99extidentifier)";
				SKIP_INSTALL = YES;
				SWIFT_EMIT_LOC_STRINGS = YES;
				SWIFT_VERSION = 5.0;
				TARGETED_DEVICE_FAMILY = 3;
			};
			name = Release;
		};
		FA84A7922B3C53A000F46161 /* Debug */ = {
			isa = XCBuildConfiguration;
			buildSettings = {
				ALWAYS_EMBED_SWIFT_STANDARD_LIBRARIES = YES;
				CODE_SIGN_STYLE = Automatic;
				CURRENT_PROJECT_VERSION = 1;
				GENERATE_INFOPLIST_FILE = YES;
				MARKETING_VERSION = 1.0;
				PRODUCT_BUNDLE_IDENTIFIER = Test.AppleTVAdsTests;
				PRODUCT_NAME = "$(TARGET_NAME)";
				SWIFT_EMIT_LOC_STRINGS = NO;
				SWIFT_VERSION = 5.0;
				TARGETED_DEVICE_FAMILY = 3;
			};
			name = Debug;
		};
		FA84A7932B3C53A000F46161 /* Release */ = {
			isa = XCBuildConfiguration;
			buildSettings = {
				ALWAYS_EMBED_SWIFT_STANDARD_LIBRARIES = YES;
				CODE_SIGN_STYLE = Automatic;
				CURRENT_PROJECT_VERSION = 1;
				GENERATE_INFOPLIST_FILE = YES;
				MARKETING_VERSION = 1.0;
				PRODUCT_BUNDLE_IDENTIFIER = Test.AppleTVAdsTests;
				PRODUCT_NAME = "$(TARGET_NAME)";
				SWIFT_EMIT_LOC_STRINGS = NO;
				SWIFT_VERSION = 5.0;
				TARGETED_DEVICE_FAMILY = 3;
			};
			name = Release;
		};
/* End XCBuildConfiguration section */

/* Begin XCConfigurationList section */
		FA84A7742B3C539F00F46161 /* Build configuration list for PBXProject "AppleTVAds" */ = {
			isa = XCConfigurationList;
			buildConfigurations = (
				FA84A78C2B3C53A000F46161 /* Debug */,
				FA84A78D2B3C53A000F46161 /* Release */,
			);
			defaultConfigurationIsVisible = 0;
			defaultConfigurationName = Release;
		};
		FA84A78E2B3C53A000F46161 /* Build configuration list for PBXNativeTarget "AppleTVAds" */ = {
			isa = XCConfigurationList;
			buildConfigurations = (
				FA84A78F2B3C53A000F46161 /* Debug */,
				FA84A7902B3C53A000F46161 /* Release */,
			);
			defaultConfigurationIsVisible = 0;
			defaultConfigurationName = Release;
		};
		FA84A7912B3C53A000F46161 /* Build configuration list for PBXNativeTarget "AppleTVAdsTests" */ = {
			isa = XCConfigurationList;
			buildConfigurations = (
				FA84A7922B3C53A000F46161 /* Debug */,
				FA84A7932B3C53A000F46161 /* Release */,
			);
			defaultConfigurationIsVisible = 0;
			defaultConfigurationName = Release;
		};
/* End XCConfigurationList section */

/* Begin XCRemoteSwiftPackageReference section */
		FA84A7942B3C53D500F46161 /* XCRemoteSwiftPackageReference "swift-package-manager-google-interactive-media-ads-tvos" */ = {
			isa = XCRemoteSwiftPackageReference;
			repositoryURL = "https://github.com/googleads/swift-package-manager-google-interactive-media-ads-tvos";
			requirement = {
				branch = main;
				kind = branch;
			};
		};
/* End XCRemoteSwiftPackageReference section */

/* Begin XCSwiftPackageProductDependency section */
		FA84A7952B3C53D500F46161 /* GoogleInteractiveMediaAds */ = {
			isa = XCSwiftPackageProductDependency;
			package = FA84A7942B3C53D500F46161 /* XCRemoteSwiftPackageReference "swift-package-manager-google-interactive-media-ads-tvos" */;
			productName = GoogleInteractiveMediaAds;
		};
/* End XCSwiftPackageProductDependency section */
	};
	rootObject = FA84A7712B3C539F00F46161 /* Project object */;
}
